
Microsoft Visual Studio Solution File, Format Version 12.00
# Visual Studio Version 17
VisualStudioVersion = 17.8.34330.188
MinimumVisualStudioVersion = 10.0.40219.1
Project("{9A19103F-16F7-4668-BE54-9A1E7A4F7556}") = "Backend", "Backend\Backend.csproj", "{4EF54134-A2BA-4ECB-85A1-98888617387A}"
EndProject
Project("{2150E333-8FDC-42A3-9474-1A3956D46DE8}") = "Solution Items", "Solution Items", "{BAA3B552-EFA3-4D4C-869F-400894701A82}"
	ProjectSection(SolutionItems) = preProject
		.editorconfig = .editorconfig
	EndProjectSection
EndProject
Global
	GlobalSection(SolutionConfigurationPlatforms) = preSolution
		Debug|Any CPU = Debug|Any CPU
		Release|Any CPU = Release|Any CPU
	EndGlobalSection
	GlobalSection(ProjectConfigurationPlatforms) = postSolution
		{4EF54134-A2BA-4ECB-85A1-98888617387A}.Debug|Any CPU.ActiveCfg = Debug|Any CPU
		{4EF54134-A2BA-4ECB-85A1-98888617387A}.Debug|Any CPU.Build.0 = Debug|Any CPU
		{4EF54134-A2BA-4ECB-85A1-98888617387A}.Release|Any CPU.ActiveCfg = Release|Any CPU
		{4EF54134-A2BA-4ECB-85A1-98888617387A}.Release|Any CPU.Build.0 = Release|Any CPU
	EndGlobalSection
	GlobalSection(SolutionProperties) = preSolution
		HideSolutionNode = FALSE
	EndGlobalSection
	GlobalSection(ExtensibilityGlobals) = postSolution
		SolutionGuid = {5F2AE3CC-A3FC-4109-93CD-069F5DB8BCD7}
	EndGlobalSection
EndGlobal
